// !$*UTF8*$!
{
	archiveVersion = 1;
	classes = {
	};
	objectVersion = 56;
	objects = {

/* Begin PBXBuildFile section */
		9C3ABFDC2B34E47B001358E0 /* PlaceholderTests.swift in Sources */ = {isa = PBXBuildFile; fileRef = 9C3ABFDB2B34E47B001358E0 /* PlaceholderTests.swift */; };
		9C456F022B34CDD900360121 /* DiscoveryTreeApp.swift in Sources */ = {isa = PBXBuildFile; fileRef = 9C456F012B34CDD900360121 /* DiscoveryTreeApp.swift */; };
		9C456F042B34CDD900360121 /* ContentView.swift in Sources */ = {isa = PBXBuildFile; fileRef = 9C456F032B34CDD900360121 /* ContentView.swift */; };
		9C456F062B34CDDA00360121 /* Assets.xcassets in Resources */ = {isa = PBXBuildFile; fileRef = 9C456F052B34CDDA00360121 /* Assets.xcassets */; };
		9C456F0A2B34CDDA00360121 /* Preview Assets.xcassets in Resources */ = {isa = PBXBuildFile; fileRef = 9C456F092B34CDDA00360121 /* Preview Assets.xcassets */; };
		9C456F482B34DA1100360121 /* MainEntryPoint.swift in Sources */ = {isa = PBXBuildFile; fileRef = 9C456F472B34DA1100360121 /* MainEntryPoint.swift */; };
		9C456F4A2B34DB4B00360121 /* TestApp.swift in Sources */ = {isa = PBXBuildFile; fileRef = 9C456F492B34DB4B00360121 /* TestApp.swift */; };
/* End PBXBuildFile section */

/* Begin PBXContainerItemProxy section */
		9C456F102B34CDDA00360121 /* PBXContainerItemProxy */ = {
			isa = PBXContainerItemProxy;
			containerPortal = 9C456EF62B34CDD900360121 /* Project object */;
			proxyType = 1;
			remoteGlobalIDString = 9C456EFD2B34CDD900360121;
			remoteInfo = DiscoveryTree;
		};
/* End PBXContainerItemProxy section */

/* Begin PBXFileReference section */
		9C3ABFDB2B34E47B001358E0 /* PlaceholderTests.swift */ = {isa = PBXFileReference; lastKnownFileType = sourcecode.swift; path = PlaceholderTests.swift; sourceTree = "<group>"; };
		9C456EFE2B34CDD900360121 /* DiscoveryTree.app */ = {isa = PBXFileReference; explicitFileType = wrapper.application; includeInIndex = 0; path = DiscoveryTree.app; sourceTree = BUILT_PRODUCTS_DIR; };
		9C456F012B34CDD900360121 /* DiscoveryTreeApp.swift */ = {isa = PBXFileReference; lastKnownFileType = sourcecode.swift; path = DiscoveryTreeApp.swift; sourceTree = "<group>"; };
		9C456F032B34CDD900360121 /* ContentView.swift */ = {isa = PBXFileReference; lastKnownFileType = sourcecode.swift; path = ContentView.swift; sourceTree = "<group>"; };
		9C456F052B34CDDA00360121 /* Assets.xcassets */ = {isa = PBXFileReference; lastKnownFileType = folder.assetcatalog; path = Assets.xcassets; sourceTree = "<group>"; };
		9C456F072B34CDDA00360121 /* DiscoveryTree.entitlements */ = {isa = PBXFileReference; lastKnownFileType = text.plist.entitlements; path = DiscoveryTree.entitlements; sourceTree = "<group>"; };
		9C456F092B34CDDA00360121 /* Preview Assets.xcassets */ = {isa = PBXFileReference; lastKnownFileType = folder.assetcatalog; path = "Preview Assets.xcassets"; sourceTree = "<group>"; };
		9C456F0F2B34CDDA00360121 /* DiscoveryTreeTests.xctest */ = {isa = PBXFileReference; explicitFileType = wrapper.cfbundle; includeInIndex = 0; path = DiscoveryTreeTests.xctest; sourceTree = BUILT_PRODUCTS_DIR; };
		9C456F2C2B34D48900360121 /* DiscoveryTree.xctestplan */ = {isa = PBXFileReference; lastKnownFileType = text; path = DiscoveryTree.xctestplan; sourceTree = "<group>"; };
		9C456F472B34DA1100360121 /* MainEntryPoint.swift */ = {isa = PBXFileReference; lastKnownFileType = sourcecode.swift; path = MainEntryPoint.swift; sourceTree = "<group>"; };
		9C456F492B34DB4B00360121 /* TestApp.swift */ = {isa = PBXFileReference; lastKnownFileType = sourcecode.swift; path = TestApp.swift; sourceTree = "<group>"; };
/* End PBXFileReference section */

/* Begin PBXFrameworksBuildPhase section */
		9C456EFB2B34CDD900360121 /* Frameworks */ = {
			isa = PBXFrameworksBuildPhase;
			buildActionMask = 2147483647;
			files = (
			);
			runOnlyForDeploymentPostprocessing = 0;
		};
		9C456F0C2B34CDDA00360121 /* Frameworks */ = {
			isa = PBXFrameworksBuildPhase;
			buildActionMask = 2147483647;
			files = (
			);
			runOnlyForDeploymentPostprocessing = 0;
		};
/* End PBXFrameworksBuildPhase section */

/* Begin PBXGroup section */
		9C456EF52B34CDD900360121 = {
			isa = PBXGroup;
			children = (
				9C456F2C2B34D48900360121 /* DiscoveryTree.xctestplan */,
				9C456F002B34CDD900360121 /* DiscoveryTree */,
				9C456F122B34CDDA00360121 /* DiscoveryTreeTests */,
				9C456EFF2B34CDD900360121 /* Products */,
			);
			sourceTree = "<group>";
		};
		9C456EFF2B34CDD900360121 /* Products */ = {
			isa = PBXGroup;
			children = (
				9C456EFE2B34CDD900360121 /* DiscoveryTree.app */,
				9C456F0F2B34CDDA00360121 /* DiscoveryTreeTests.xctest */,
			);
			name = Products;
			sourceTree = "<group>";
		};
		9C456F002B34CDD900360121 /* DiscoveryTree */ = {
			isa = PBXGroup;
			children = (
				9C456F472B34DA1100360121 /* MainEntryPoint.swift */,
				9C456F492B34DB4B00360121 /* TestApp.swift */,
				9C456F012B34CDD900360121 /* DiscoveryTreeApp.swift */,
				9C456F032B34CDD900360121 /* ContentView.swift */,
				9C456F052B34CDDA00360121 /* Assets.xcassets */,
				9C456F072B34CDDA00360121 /* DiscoveryTree.entitlements */,
				9C456F082B34CDDA00360121 /* Preview Content */,
			);
			path = DiscoveryTree;
			sourceTree = "<group>";
		};
		9C456F082B34CDDA00360121 /* Preview Content */ = {
			isa = PBXGroup;
			children = (
				9C456F092B34CDDA00360121 /* Preview Assets.xcassets */,
			);
			path = "Preview Content";
			sourceTree = "<group>";
		};
		9C456F122B34CDDA00360121 /* DiscoveryTreeTests */ = {
			isa = PBXGroup;
			children = (
				9C3ABFDB2B34E47B001358E0 /* PlaceholderTests.swift */,
			);
			path = DiscoveryTreeTests;
			sourceTree = "<group>";
		};
/* End PBXGroup section */

/* Begin PBXNativeTarget section */
		9C456EFD2B34CDD900360121 /* DiscoveryTree */ = {
			isa = PBXNativeTarget;
			buildConfigurationList = 9C456F232B34CDDA00360121 /* Build configuration list for PBXNativeTarget "DiscoveryTree" */;
			buildPhases = (
				9C456EFA2B34CDD900360121 /* Sources */,
				9C456EFB2B34CDD900360121 /* Frameworks */,
				9C456EFC2B34CDD900360121 /* Resources */,
			);
			buildRules = (
			);
			dependencies = (
			);
			name = DiscoveryTree;
			productName = DiscoveryTree;
			productReference = 9C456EFE2B34CDD900360121 /* DiscoveryTree.app */;
			productType = "com.apple.product-type.application";
		};
		9C456F0E2B34CDDA00360121 /* DiscoveryTreeTests */ = {
			isa = PBXNativeTarget;
			buildConfigurationList = 9C456F262B34CDDA00360121 /* Build configuration list for PBXNativeTarget "DiscoveryTreeTests" */;
			buildPhases = (
				9C456F0B2B34CDDA00360121 /* Sources */,
				9C456F0C2B34CDDA00360121 /* Frameworks */,
				9C456F0D2B34CDDA00360121 /* Resources */,
			);
			buildRules = (
			);
			dependencies = (
				9C456F112B34CDDA00360121 /* PBXTargetDependency */,
			);
			name = DiscoveryTreeTests;
			productName = DiscoveryTreeTests;
			productReference = 9C456F0F2B34CDDA00360121 /* DiscoveryTreeTests.xctest */;
			productType = "com.apple.product-type.bundle.unit-test";
		};
/* End PBXNativeTarget section */

/* Begin PBXProject section */
		9C456EF62B34CDD900360121 /* Project object */ = {
			isa = PBXProject;
			attributes = {
				BuildIndependentTargetsInParallel = 1;
				LastSwiftUpdateCheck = 1510;
				LastUpgradeCheck = 1510;
				TargetAttributes = {
					9C456EFD2B34CDD900360121 = {
						CreatedOnToolsVersion = 15.1;
					};
					9C456F0E2B34CDDA00360121 = {
						CreatedOnToolsVersion = 15.1;
						LastSwiftMigration = 1510;
						TestTargetID = 9C456EFD2B34CDD900360121;
					};
				};
			};
			buildConfigurationList = 9C456EF92B34CDD900360121 /* Build configuration list for PBXProject "DiscoveryTree" */;
			compatibilityVersion = "Xcode 14.0";
			developmentRegion = en;
			hasScannedForEncodings = 0;
			knownRegions = (
				en,
				Base,
			);
			mainGroup = 9C456EF52B34CDD900360121;
			productRefGroup = 9C456EFF2B34CDD900360121 /* Products */;
			projectDirPath = "";
			projectRoot = "";
			targets = (
				9C456EFD2B34CDD900360121 /* DiscoveryTree */,
				9C456F0E2B34CDDA00360121 /* DiscoveryTreeTests */,
			);
		};
/* End PBXProject section */

/* Begin PBXResourcesBuildPhase section */
		9C456EFC2B34CDD900360121 /* Resources */ = {
			isa = PBXResourcesBuildPhase;
			buildActionMask = 2147483647;
			files = (
				9C456F0A2B34CDDA00360121 /* Preview Assets.xcassets in Resources */,
				9C456F062B34CDDA00360121 /* Assets.xcassets in Resources */,
			);
			runOnlyForDeploymentPostprocessing = 0;
		};
		9C456F0D2B34CDDA00360121 /* Resources */ = {
			isa = PBXResourcesBuildPhase;
			buildActionMask = 2147483647;
			files = (
			);
			runOnlyForDeploymentPostprocessing = 0;
		};
/* End PBXResourcesBuildPhase section */

/* Begin PBXSourcesBuildPhase section */
		9C456EFA2B34CDD900360121 /* Sources */ = {
			isa = PBXSourcesBuildPhase;
			buildActionMask = 2147483647;
			files = (
				9C456F482B34DA1100360121 /* MainEntryPoint.swift in Sources */,
				9C456F4A2B34DB4B00360121 /* TestApp.swift in Sources */,
				9C456F042B34CDD900360121 /* ContentView.swift in Sources */,
				9C456F022B34CDD900360121 /* DiscoveryTreeApp.swift in Sources */,
			);
			runOnlyForDeploymentPostprocessing = 0;
		};
		9C456F0B2B34CDDA00360121 /* Sources */ = {
			isa = PBXSourcesBuildPhase;
			buildActionMask = 2147483647;
			files = (
				9C3ABFDC2B34E47B001358E0 /* PlaceholderTests.swift in Sources */,
			);
			runOnlyForDeploymentPostprocessing = 0;
		};
/* End PBXSourcesBuildPhase section */

/* Begin PBXTargetDependency section */
		9C456F112B34CDDA00360121 /* PBXTargetDependency */ = {
			isa = PBXTargetDependency;
			target = 9C456EFD2B34CDD900360121 /* DiscoveryTree */;
			targetProxy = 9C456F102B34CDDA00360121 /* PBXContainerItemProxy */;
		};
/* End PBXTargetDependency section */

/* Begin XCBuildConfiguration section */
		9C456F212B34CDDA00360121 /* Debug */ = {
			isa = XCBuildConfiguration;
			buildSettings = {
				ALWAYS_SEARCH_USER_PATHS = NO;
				ASSETCATALOG_COMPILER_GENERATE_SWIFT_ASSET_SYMBOL_EXTENSIONS = YES;
				CLANG_ANALYZER_NONNULL = YES;
				CLANG_ANALYZER_NUMBER_OBJECT_CONVERSION = YES_AGGRESSIVE;
				CLANG_CXX_LANGUAGE_STANDARD = "gnu++20";
				CLANG_ENABLE_MODULES = YES;
				CLANG_ENABLE_OBJC_ARC = YES;
				CLANG_ENABLE_OBJC_WEAK = YES;
				CLANG_WARN_BLOCK_CAPTURE_AUTORELEASING = YES;
				CLANG_WARN_BOOL_CONVERSION = YES;
				CLANG_WARN_COMMA = YES;
				CLANG_WARN_CONSTANT_CONVERSION = YES;
				CLANG_WARN_DEPRECATED_OBJC_IMPLEMENTATIONS = YES;
				CLANG_WARN_DIRECT_OBJC_ISA_USAGE = YES_ERROR;
				CLANG_WARN_DOCUMENTATION_COMMENTS = YES;
				CLANG_WARN_EMPTY_BODY = YES;
				CLANG_WARN_ENUM_CONVERSION = YES;
				CLANG_WARN_INFINITE_RECURSION = YES;
				CLANG_WARN_INT_CONVERSION = YES;
				CLANG_WARN_NON_LITERAL_NULL_CONVERSION = YES;
				CLANG_WARN_OBJC_IMPLICIT_RETAIN_SELF = YES;
				CLANG_WARN_OBJC_LITERAL_CONVERSION = YES;
				CLANG_WARN_OBJC_ROOT_CLASS = YES_ERROR;
				CLANG_WARN_QUOTED_INCLUDE_IN_FRAMEWORK_HEADER = YES;
				CLANG_WARN_RANGE_LOOP_ANALYSIS = YES;
				CLANG_WARN_STRICT_PROTOTYPES = YES;
				CLANG_WARN_SUSPICIOUS_MOVE = YES;
				CLANG_WARN_UNGUARDED_AVAILABILITY = YES_AGGRESSIVE;
				CLANG_WARN_UNREACHABLE_CODE = YES;
				CLANG_WARN__DUPLICATE_METHOD_MATCH = YES;
				COPY_PHASE_STRIP = NO;
				DEBUG_INFORMATION_FORMAT = dwarf;
				ENABLE_STRICT_OBJC_MSGSEND = YES;
				ENABLE_TESTABILITY = YES;
				ENABLE_USER_SCRIPT_SANDBOXING = YES;
				GCC_C_LANGUAGE_STANDARD = gnu17;
				GCC_DYNAMIC_NO_PIC = NO;
				GCC_NO_COMMON_BLOCKS = YES;
				GCC_OPTIMIZATION_LEVEL = 0;
				GCC_PREPROCESSOR_DEFINITIONS = (
					"DEBUG=1",
					"$(inherited)",
				);
				GCC_WARN_64_TO_32_BIT_CONVERSION = YES;
				GCC_WARN_ABOUT_RETURN_TYPE = YES_ERROR;
				GCC_WARN_UNDECLARED_SELECTOR = YES;
				GCC_WARN_UNINITIALIZED_AUTOS = YES_AGGRESSIVE;
				GCC_WARN_UNUSED_FUNCTION = YES;
				GCC_WARN_UNUSED_VARIABLE = YES;
				LOCALIZATION_PREFERS_STRING_CATALOGS = YES;
				MTL_ENABLE_DEBUG_INFO = INCLUDE_SOURCE;
				MTL_FAST_MATH = YES;
				ONLY_ACTIVE_ARCH = YES;
				SWIFT_ACTIVE_COMPILATION_CONDITIONS = "DEBUG $(inherited)";
				SWIFT_OPTIMIZATION_LEVEL = "-Onone";
			};
			name = Debug;
		};
		9C456F222B34CDDA00360121 /* Release */ = {
			isa = XCBuildConfiguration;
			buildSettings = {
				ALWAYS_SEARCH_USER_PATHS = NO;
				ASSETCATALOG_COMPILER_GENERATE_SWIFT_ASSET_SYMBOL_EXTENSIONS = YES;
				CLANG_ANALYZER_NONNULL = YES;
				CLANG_ANALYZER_NUMBER_OBJECT_CONVERSION = YES_AGGRESSIVE;
				CLANG_CXX_LANGUAGE_STANDARD = "gnu++20";
				CLANG_ENABLE_MODULES = YES;
				CLANG_ENABLE_OBJC_ARC = YES;
				CLANG_ENABLE_OBJC_WEAK = YES;
				CLANG_WARN_BLOCK_CAPTURE_AUTORELEASING = YES;
				CLANG_WARN_BOOL_CONVERSION = YES;
				CLANG_WARN_COMMA = YES;
				CLANG_WARN_CONSTANT_CONVERSION = YES;
				CLANG_WARN_DEPRECATED_OBJC_IMPLEMENTATIONS = YES;
				CLANG_WARN_DIRECT_OBJC_ISA_USAGE = YES_ERROR;
				CLANG_WARN_DOCUMENTATION_COMMENTS = YES;
				CLANG_WARN_EMPTY_BODY = YES;
				CLANG_WARN_ENUM_CONVERSION = YES;
				CLANG_WARN_INFINITE_RECURSION = YES;
				CLANG_WARN_INT_CONVERSION = YES;
				CLANG_WARN_NON_LITERAL_NULL_CONVERSION = YES;
				CLANG_WARN_OBJC_IMPLICIT_RETAIN_SELF = YES;
				CLANG_WARN_OBJC_LITERAL_CONVERSION = YES;
				CLANG_WARN_OBJC_ROOT_CLASS = YES_ERROR;
				CLANG_WARN_QUOTED_INCLUDE_IN_FRAMEWORK_HEADER = YES;
				CLANG_WARN_RANGE_LOOP_ANALYSIS = YES;
				CLANG_WARN_STRICT_PROTOTYPES = YES;
				CLANG_WARN_SUSPICIOUS_MOVE = YES;
				CLANG_WARN_UNGUARDED_AVAILABILITY = YES_AGGRESSIVE;
				CLANG_WARN_UNREACHABLE_CODE = YES;
				CLANG_WARN__DUPLICATE_METHOD_MATCH = YES;
				COPY_PHASE_STRIP = NO;
				DEBUG_INFORMATION_FORMAT = "dwarf-with-dsym";
				ENABLE_NS_ASSERTIONS = NO;
				ENABLE_STRICT_OBJC_MSGSEND = YES;
				ENABLE_USER_SCRIPT_SANDBOXING = YES;
				GCC_C_LANGUAGE_STANDARD = gnu17;
				GCC_NO_COMMON_BLOCKS = YES;
				GCC_WARN_64_TO_32_BIT_CONVERSION = YES;
				GCC_WARN_ABOUT_RETURN_TYPE = YES_ERROR;
				GCC_WARN_UNDECLARED_SELECTOR = YES;
				GCC_WARN_UNINITIALIZED_AUTOS = YES_AGGRESSIVE;
				GCC_WARN_UNUSED_FUNCTION = YES;
				GCC_WARN_UNUSED_VARIABLE = YES;
				LOCALIZATION_PREFERS_STRING_CATALOGS = YES;
				MTL_ENABLE_DEBUG_INFO = NO;
				MTL_FAST_MATH = YES;
				SWIFT_COMPILATION_MODE = wholemodule;
			};
			name = Release;
		};
		9C456F242B34CDDA00360121 /* Debug */ = {
			isa = XCBuildConfiguration;
			buildSettings = {
				ASSETCATALOG_COMPILER_APPICON_NAME = AppIcon;
				ASSETCATALOG_COMPILER_GLOBAL_ACCENT_COLOR_NAME = AccentColor;
				CODE_SIGN_ENTITLEMENTS = DiscoveryTree/DiscoveryTree.entitlements;
				CODE_SIGN_STYLE = Automatic;
				CURRENT_PROJECT_VERSION = 1;
				DEVELOPMENT_ASSET_PATHS = "\"DiscoveryTree/Preview Content\"";
				DEVELOPMENT_TEAM = 9LMP86F23V;
				ENABLE_HARDENED_RUNTIME = YES;
				ENABLE_PREVIEWS = YES;
				GENERATE_INFOPLIST_FILE = YES;
				"INFOPLIST_KEY_UIApplicationSceneManifest_Generation[sdk=iphoneos*]" = YES;
				"INFOPLIST_KEY_UIApplicationSceneManifest_Generation[sdk=iphonesimulator*]" = YES;
				"INFOPLIST_KEY_UIApplicationSupportsIndirectInputEvents[sdk=iphoneos*]" = YES;
				"INFOPLIST_KEY_UIApplicationSupportsIndirectInputEvents[sdk=iphonesimulator*]" = YES;
				"INFOPLIST_KEY_UILaunchScreen_Generation[sdk=iphoneos*]" = YES;
				"INFOPLIST_KEY_UILaunchScreen_Generation[sdk=iphonesimulator*]" = YES;
				"INFOPLIST_KEY_UIStatusBarStyle[sdk=iphoneos*]" = UIStatusBarStyleDefault;
				"INFOPLIST_KEY_UIStatusBarStyle[sdk=iphonesimulator*]" = UIStatusBarStyleDefault;
				INFOPLIST_KEY_UISupportedInterfaceOrientations_iPad = "UIInterfaceOrientationPortrait UIInterfaceOrientationPortraitUpsideDown UIInterfaceOrientationLandscapeLeft UIInterfaceOrientationLandscapeRight";
				INFOPLIST_KEY_UISupportedInterfaceOrientations_iPhone = "UIInterfaceOrientationPortrait UIInterfaceOrientationLandscapeLeft UIInterfaceOrientationLandscapeRight";
				IPHONEOS_DEPLOYMENT_TARGET = 17.2;
				LD_RUNPATH_SEARCH_PATHS = "@executable_path/Frameworks";
				"LD_RUNPATH_SEARCH_PATHS[sdk=macosx*]" = "@executable_path/../Frameworks";
				MACOSX_DEPLOYMENT_TARGET = 14.2;
				MARKETING_VERSION = 1.0;
				PRODUCT_BUNDLE_IDENTIFIER = com.rickymunz.DiscoveryTree;
				PRODUCT_NAME = "$(TARGET_NAME)";
				SDKROOT = auto;
				SUPPORTED_PLATFORMS = "iphoneos iphonesimulator";
				SUPPORTS_MACCATALYST = NO;
				SWIFT_EMIT_LOC_STRINGS = YES;
				SWIFT_VERSION = 5.0;
				TARGETED_DEVICE_FAMILY = 1;
			};
			name = Debug;
		};
		9C456F252B34CDDA00360121 /* Release */ = {
			isa = XCBuildConfiguration;
			buildSettings = {
				ASSETCATALOG_COMPILER_APPICON_NAME = AppIcon;
				ASSETCATALOG_COMPILER_GLOBAL_ACCENT_COLOR_NAME = AccentColor;
				CODE_SIGN_ENTITLEMENTS = DiscoveryTree/DiscoveryTree.entitlements;
				CODE_SIGN_STYLE = Automatic;
				CURRENT_PROJECT_VERSION = 1;
				DEVELOPMENT_ASSET_PATHS = "\"DiscoveryTree/Preview Content\"";
				DEVELOPMENT_TEAM = 9LMP86F23V;
				ENABLE_HARDENED_RUNTIME = YES;
				ENABLE_PREVIEWS = YES;
				GENERATE_INFOPLIST_FILE = YES;
				"INFOPLIST_KEY_UIApplicationSceneManifest_Generation[sdk=iphoneos*]" = YES;
				"INFOPLIST_KEY_UIApplicationSceneManifest_Generation[sdk=iphonesimulator*]" = YES;
				"INFOPLIST_KEY_UIApplicationSupportsIndirectInputEvents[sdk=iphoneos*]" = YES;
				"INFOPLIST_KEY_UIApplicationSupportsIndirectInputEvents[sdk=iphonesimulator*]" = YES;
				"INFOPLIST_KEY_UILaunchScreen_Generation[sdk=iphoneos*]" = YES;
				"INFOPLIST_KEY_UILaunchScreen_Generation[sdk=iphonesimulator*]" = YES;
				"INFOPLIST_KEY_UIStatusBarStyle[sdk=iphoneos*]" = UIStatusBarStyleDefault;
				"INFOPLIST_KEY_UIStatusBarStyle[sdk=iphonesimulator*]" = UIStatusBarStyleDefault;
				INFOPLIST_KEY_UISupportedInterfaceOrientations_iPad = "UIInterfaceOrientationPortrait UIInterfaceOrientationPortraitUpsideDown UIInterfaceOrientationLandscapeLeft UIInterfaceOrientationLandscapeRight";
				INFOPLIST_KEY_UISupportedInterfaceOrientations_iPhone = "UIInterfaceOrientationPortrait UIInterfaceOrientationLandscapeLeft UIInterfaceOrientationLandscapeRight";
				IPHONEOS_DEPLOYMENT_TARGET = 17.2;
				LD_RUNPATH_SEARCH_PATHS = "@executable_path/Frameworks";
				"LD_RUNPATH_SEARCH_PATHS[sdk=macosx*]" = "@executable_path/../Frameworks";
				MACOSX_DEPLOYMENT_TARGET = 14.2;
				MARKETING_VERSION = 1.0;
				PRODUCT_BUNDLE_IDENTIFIER = com.rickymunz.DiscoveryTree;
				PRODUCT_NAME = "$(TARGET_NAME)";
				SDKROOT = auto;
				SUPPORTED_PLATFORMS = "iphoneos iphonesimulator";
				SUPPORTS_MACCATALYST = NO;
				SWIFT_EMIT_LOC_STRINGS = YES;
				SWIFT_VERSION = 5.0;
				TARGETED_DEVICE_FAMILY = 1;
			};
			name = Release;
		};
		9C456F272B34CDDA00360121 /* Debug */ = {
			isa = XCBuildConfiguration;
			buildSettings = {
				ALWAYS_EMBED_SWIFT_STANDARD_LIBRARIES = YES;
				BUNDLE_LOADER = "$(TEST_HOST)";
				CLANG_ENABLE_MODULES = YES;
				CODE_SIGN_STYLE = Automatic;
				CURRENT_PROJECT_VERSION = 1;
				DEVELOPMENT_TEAM = 9LMP86F23V;
				GENERATE_INFOPLIST_FILE = YES;
				IPHONEOS_DEPLOYMENT_TARGET = 17.2;
				MACOSX_DEPLOYMENT_TARGET = 14.2;
				MARKETING_VERSION = 1.0;
				PRODUCT_BUNDLE_IDENTIFIER = com.rickymunz.DiscoveryTreeTests;
				PRODUCT_NAME = "$(TARGET_NAME)";
				SDKROOT = auto;
				SUPPORTED_PLATFORMS = "iphoneos iphonesimulator";
				SUPPORTS_MACCATALYST = NO;
				SWIFT_EMIT_LOC_STRINGS = NO;
				SWIFT_OPTIMIZATION_LEVEL = "-Onone";
				SWIFT_VERSION = 5.0;
				TARGETED_DEVICE_FAMILY = 1;
				TEST_HOST = "$(BUILT_PRODUCTS_DIR)/DiscoveryTree.app/$(BUNDLE_EXECUTABLE_FOLDER_PATH)/DiscoveryTree";
			};
			name = Debug;
		};
		9C456F282B34CDDA00360121 /* Release */ = {
			isa = XCBuildConfiguration;
			buildSettings = {
				ALWAYS_EMBED_SWIFT_STANDARD_LIBRARIES = YES;
				BUNDLE_LOADER = "$(TEST_HOST)";
				CLANG_ENABLE_MODULES = YES;
				CODE_SIGN_STYLE = Automatic;
				CURRENT_PROJECT_VERSION = 1;
				DEVELOPMENT_TEAM = 9LMP86F23V;
				GENERATE_INFOPLIST_FILE = YES;
				IPHONEOS_DEPLOYMENT_TARGET = 17.2;
				MACOSX_DEPLOYMENT_TARGET = 14.2;
				MARKETING_VERSION = 1.0;
				PRODUCT_BUNDLE_IDENTIFIER = com.rickymunz.DiscoveryTreeTests;
				PRODUCT_NAME = "$(TARGET_NAME)";
				SDKROOT = auto;
				SUPPORTED_PLATFORMS = "iphoneos iphonesimulator";
				SUPPORTS_MACCATALYST = NO;
				SWIFT_EMIT_LOC_STRINGS = NO;
				SWIFT_VERSION = 5.0;
				TARGETED_DEVICE_FAMILY = 1;
				TEST_HOST = "$(BUILT_PRODUCTS_DIR)/DiscoveryTree.app/$(BUNDLE_EXECUTABLE_FOLDER_PATH)/DiscoveryTree";
			};
			name = Release;
		};
/* End XCBuildConfiguration section */

/* Begin XCConfigurationList section */
		9C456EF92B34CDD900360121 /* Build configuration list for PBXProject "DiscoveryTree" */ = {
			isa = XCConfigurationList;
			buildConfigurations = (
				9C456F212B34CDDA00360121 /* Debug */,
				9C456F222B34CDDA00360121 /* Release */,
			);
			defaultConfigurationIsVisible = 0;
			defaultConfigurationName = Release;
		};
		9C456F232B34CDDA00360121 /* Build configuration list for PBXNativeTarget "DiscoveryTree" */ = {
			isa = XCConfigurationList;
			buildConfigurations = (
				9C456F242B34CDDA00360121 /* Debug */,
				9C456F252B34CDDA00360121 /* Release */,
			);
			defaultConfigurationIsVisible = 0;
			defaultConfigurationName = Release;
		};
		9C456F262B34CDDA00360121 /* Build configuration list for PBXNativeTarget "DiscoveryTreeTests" */ = {
			isa = XCConfigurationList;
			buildConfigurations = (
				9C456F272B34CDDA00360121 /* Debug */,
				9C456F282B34CDDA00360121 /* Release */,
			);
			defaultConfigurationIsVisible = 0;
			defaultConfigurationName = Release;
		};
/* End XCConfigurationList section */
	};
	rootObject = 9C456EF62B34CDD900360121 /* Project object */;
}
